
Microsoft Visual Studio Solution File, Format Version 12.00
# Visual Studio Version 17
VisualStudioVersion = 17.3.32922.545
MinimumVisualStudioVersion = 10.0.40219.1
Project("{9A19103F-16F7-4668-BE54-9A1E7A4F7556}") = "Ardalis.Result", "src\Ardalis.Result\Ardalis.Result.csproj", "{21F67195-9A44-4937-AD13-62D086BAFB3E}"
EndProject
Project("{2150E333-8FDC-42A3-9474-1A3956D46DE8}") = "src", "src", "{865A74CD-F478-4AA5-AFA5-6C26FB38B849}"
	ProjectSection(SolutionItems) = preProject
		src\Directory.Build.props = src\Directory.Build.props
	EndProjectSection
EndProject
Project("{2150E333-8FDC-42A3-9474-1A3956D46DE8}") = "tests", "tests", "{42693FB1-04E1-4635-B249-E1847609E801}"
	ProjectSection(SolutionItems) = preProject
		tests\Directory.Build.props = tests\Directory.Build.props
	EndProjectSection
EndProject
Project("{9A19103F-16F7-4668-BE54-9A1E7A4F7556}") = "Ardalis.Result.UnitTests", "tests\Ardalis.Result.UnitTests\Ardalis.Result.UnitTests.csproj", "{C7CA62F0-7954-42E3-9CF2-2A46311AC717}"
EndProject
Project("{2150E333-8FDC-42A3-9474-1A3956D46DE8}") = "sample", "sample", "{FA061DC6-61B7-401F-87A4-D338B396CCD9}"
	ProjectSection(SolutionItems) = preProject
		sample\Directory.Build.props = sample\Directory.Build.props
	EndProjectSection
EndProject
Project("{9A19103F-16F7-4668-BE54-9A1E7A4F7556}") = "Ardalis.Result.SampleWeb", "sample\Ardalis.Result.SampleWeb\Ardalis.Result.SampleWeb.csproj", "{4878A214-84B4-4689-BDF1-D2E586883E23}"
EndProject
Project("{9A19103F-16F7-4668-BE54-9A1E7A4F7556}") = "Ardalis.Result.SampleWeb.FunctionalTests", "sample\Ardalis.Result.SampleWeb.FunctionalTests\Ardalis.Result.SampleWeb.FunctionalTests.csproj", "{CE817D81-37E9-4BAA-92E6-8602303FF772}"
EndProject
Project("{9A19103F-16F7-4668-BE54-9A1E7A4F7556}") = "Ardalis.Result.AspNetCore", "src\Ardalis.Result.AspNetCore\Ardalis.Result.AspNetCore.csproj", "{B92FA989-EAD7-4542-BC51-F02DEF9C34B3}"
EndProject
Project("{9A19103F-16F7-4668-BE54-9A1E7A4F7556}") = "Ardalis.Result.Sample.UnitTests", "sample\Ardalis.Result.Sample.UnitTests\Ardalis.Result.Sample.UnitTests.csproj", "{84E62AF8-95DA-43BC-95FD-A19103C50949}"
EndProject
Project("{9A19103F-16F7-4668-BE54-9A1E7A4F7556}") = "Ardalis.Result.Sample.Core", "sample\Ardalis.Result.Sample.Core\Ardalis.Result.Sample.Core.csproj", "{8E6018B8-0549-4290-A1C4-44CF7B4CEC5D}"
EndProject
Project("{9A19103F-16F7-4668-BE54-9A1E7A4F7556}") = "Ardalis.Result.FluentValidation", "src\Ardalis.Result.FluentValidation\Ardalis.Result.FluentValidation.csproj", "{43443B4B-2305-4CDF-A7A4-32A80ED1D19B}"
EndProject
Project("{9A19103F-16F7-4668-BE54-9A1E7A4F7556}") = "Ardalis.Result.SampleMinimalApi", "sample\Ardalis.Result.SampleMinimalApi\Ardalis.Result.SampleMinimalApi.csproj", "{60860685-37BB-47D9-B0DC-6FE7F0DB2AE5}"
EndProject
Project("{9A19103F-16F7-4668-BE54-9A1E7A4F7556}") = "Ardalis.Result.SampleMinimalApi.FunctionalTests", "sample\Ardalis.Result.SampleMinimalApi.FunctionalTests\Ardalis.Result.SampleMinimalApi.FunctionalTests.csproj", "{A9769533-C9B2-4AD4-8B24-70C474D8EBB0}"
EndProject
Project("{9A19103F-16F7-4668-BE54-9A1E7A4F7556}") = "Ardalis.Result.AspNetCore.UnitTests", "tests\Ardalis.Result.AspNetCore.UnitTests\Ardalis.Result.AspNetCore.UnitTests.csproj", "{C522FE42-BBEF-46A7-9E3E-44EA8339AF2E}"
EndProject
Project("{2150E333-8FDC-42A3-9474-1A3956D46DE8}") = "Solution Items", "Solution Items", "{56E62AF3-7C64-42C4-B47E-EAB8EE60962B}"
	ProjectSection(SolutionItems) = preProject
		Directory.Packages.props = Directory.Packages.props
	EndProjectSection
EndProject
Global
	GlobalSection(SolutionConfigurationPlatforms) = preSolution
		Debug|Any CPU = Debug|Any CPU
		Release|Any CPU = Release|Any CPU
	EndGlobalSection
	GlobalSection(ProjectConfigurationPlatforms) = postSolution
		{21F67195-9A44-4937-AD13-62D086BAFB3E}.Debug|Any CPU.ActiveCfg = Debug|Any CPU
		{21F67195-9A44-4937-AD13-62D086BAFB3E}.Debug|Any CPU.Build.0 = Debug|Any CPU
		{21F67195-9A44-4937-AD13-62D086BAFB3E}.Release|Any CPU.ActiveCfg = Release|Any CPU
		{21F67195-9A44-4937-AD13-62D086BAFB3E}.Release|Any CPU.Build.0 = Release|Any CPU
		{C7CA62F0-7954-42E3-9CF2-2A46311AC717}.Debug|Any CPU.ActiveCfg = Debug|Any CPU
		{C7CA62F0-7954-42E3-9CF2-2A46311AC717}.Debug|Any CPU.Build.0 = Debug|Any CPU
		{C7CA62F0-7954-42E3-9CF2-2A46311AC717}.Release|Any CPU.ActiveCfg = Release|Any CPU
		{C7CA62F0-7954-42E3-9CF2-2A46311AC717}.Release|Any CPU.Build.0 = Release|Any CPU
		{4878A214-84B4-4689-BDF1-D2E586883E23}.Debug|Any CPU.ActiveCfg = Debug|Any CPU
		{4878A214-84B4-4689-BDF1-D2E586883E23}.Debug|Any CPU.Build.0 = Debug|Any CPU
		{4878A214-84B4-4689-BDF1-D2E586883E23}.Release|Any CPU.ActiveCfg = Release|Any CPU
		{4878A214-84B4-4689-BDF1-D2E586883E23}.Release|Any CPU.Build.0 = Release|Any CPU
		{CE817D81-37E9-4BAA-92E6-8602303FF772}.Debug|Any CPU.ActiveCfg = Debug|Any CPU
		{CE817D81-37E9-4BAA-92E6-8602303FF772}.Debug|Any CPU.Build.0 = Debug|Any CPU
		{CE817D81-37E9-4BAA-92E6-8602303FF772}.Release|Any CPU.ActiveCfg = Release|Any CPU
		{CE817D81-37E9-4BAA-92E6-8602303FF772}.Release|Any CPU.Build.0 = Release|Any CPU
		{B92FA989-EAD7-4542-BC51-F02DEF9C34B3}.Debug|Any CPU.ActiveCfg = Debug|Any CPU
		{B92FA989-EAD7-4542-BC51-F02DEF9C34B3}.Debug|Any CPU.Build.0 = Debug|Any CPU
		{B92FA989-EAD7-4542-BC51-F02DEF9C34B3}.Release|Any CPU.ActiveCfg = Release|Any CPU
		{B92FA989-EAD7-4542-BC51-F02DEF9C34B3}.Release|Any CPU.Build.0 = Release|Any CPU
		{84E62AF8-95DA-43BC-95FD-A19103C50949}.Debug|Any CPU.ActiveCfg = Debug|Any CPU
		{84E62AF8-95DA-43BC-95FD-A19103C50949}.Debug|Any CPU.Build.0 = Debug|Any CPU
		{84E62AF8-95DA-43BC-95FD-A19103C50949}.Release|Any CPU.ActiveCfg = Release|Any CPU
		{84E62AF8-95DA-43BC-95FD-A19103C50949}.Release|Any CPU.Build.0 = Release|Any CPU
		{8E6018B8-0549-4290-A1C4-44CF7B4CEC5D}.Debug|Any CPU.ActiveCfg = Debug|Any CPU
		{8E6018B8-0549-4290-A1C4-44CF7B4CEC5D}.Debug|Any CPU.Build.0 = Debug|Any CPU
		{8E6018B8-0549-4290-A1C4-44CF7B4CEC5D}.Release|Any CPU.ActiveCfg = Release|Any CPU
		{8E6018B8-0549-4290-A1C4-44CF7B4CEC5D}.Release|Any CPU.Build.0 = Release|Any CPU
		{43443B4B-2305-4CDF-A7A4-32A80ED1D19B}.Debug|Any CPU.ActiveCfg = Debug|Any CPU
		{43443B4B-2305-4CDF-A7A4-32A80ED1D19B}.Debug|Any CPU.Build.0 = Debug|Any CPU
		{43443B4B-2305-4CDF-A7A4-32A80ED1D19B}.Release|Any CPU.ActiveCfg = Release|Any CPU
		{43443B4B-2305-4CDF-A7A4-32A80ED1D19B}.Release|Any CPU.Build.0 = Release|Any CPU
		{60860685-37BB-47D9-B0DC-6FE7F0DB2AE5}.Debug|Any CPU.ActiveCfg = Debug|Any CPU
		{60860685-37BB-47D9-B0DC-6FE7F0DB2AE5}.Debug|Any CPU.Build.0 = Debug|Any CPU
		{60860685-37BB-47D9-B0DC-6FE7F0DB2AE5}.Release|Any CPU.ActiveCfg = Release|Any CPU
		{60860685-37BB-47D9-B0DC-6FE7F0DB2AE5}.Release|Any CPU.Build.0 = Release|Any CPU
		{A9769533-C9B2-4AD4-8B24-70C474D8EBB0}.Debug|Any CPU.ActiveCfg = Debug|Any CPU
		{A9769533-C9B2-4AD4-8B24-70C474D8EBB0}.Debug|Any CPU.Build.0 = Debug|Any CPU
		{A9769533-C9B2-4AD4-8B24-70C474D8EBB0}.Release|Any CPU.ActiveCfg = Release|Any CPU
		{A9769533-C9B2-4AD4-8B24-70C474D8EBB0}.Release|Any CPU.Build.0 = Release|Any CPU
		{C522FE42-BBEF-46A7-9E3E-44EA8339AF2E}.Debug|Any CPU.ActiveCfg = Debug|Any CPU
		{C522FE42-BBEF-46A7-9E3E-44EA8339AF2E}.Debug|Any CPU.Build.0 = Debug|Any CPU
		{C522FE42-BBEF-46A7-9E3E-44EA8339AF2E}.Release|Any CPU.ActiveCfg = Release|Any CPU
		{C522FE42-BBEF-46A7-9E3E-44EA8339AF2E}.Release|Any CPU.Build.0 = Release|Any CPU
	EndGlobalSection
	GlobalSection(SolutionProperties) = preSolution
		HideSolutionNode = FALSE
	EndGlobalSection
	GlobalSection(NestedProjects) = preSolution
		{21F67195-9A44-4937-AD13-62D086BAFB3E} = {865A74CD-F478-4AA5-AFA5-6C26FB38B849}
		{C7CA62F0-7954-42E3-9CF2-2A46311AC717} = {42693FB1-04E1-4635-B249-E1847609E801}
		{4878A214-84B4-4689-BDF1-D2E586883E23} = {FA061DC6-61B7-401F-87A4-D338B396CCD9}
		{CE817D81-37E9-4BAA-92E6-8602303FF772} = {FA061DC6-61B7-401F-87A4-D338B396CCD9}
		{B92FA989-EAD7-4542-BC51-F02DEF9C34B3} = {865A74CD-F478-4AA5-AFA5-6C26FB38B849}
		{84E62AF8-95DA-43BC-95FD-A19103C50949} = {FA061DC6-61B7-401F-87A4-D338B396CCD9}
		{8E6018B8-0549-4290-A1C4-44CF7B4CEC5D} = {FA061DC6-61B7-401F-87A4-D338B396CCD9}
		{43443B4B-2305-4CDF-A7A4-32A80ED1D19B} = {865A74CD-F478-4AA5-AFA5-6C26FB38B849}
		{60860685-37BB-47D9-B0DC-6FE7F0DB2AE5} = {FA061DC6-61B7-401F-87A4-D338B396CCD9}
		{A9769533-C9B2-4AD4-8B24-70C474D8EBB0} = {FA061DC6-61B7-401F-87A4-D338B396CCD9}
		{C522FE42-BBEF-46A7-9E3E-44EA8339AF2E} = {42693FB1-04E1-4635-B249-E1847609E801}
	EndGlobalSection
	GlobalSection(ExtensibilityGlobals) = postSolution
		SolutionGuid = {7CD0ED8C-3B1C-4F16-8B8D-3D8F1A8F1A5A}
	EndGlobalSection
EndGlobal
